{
  "requires": true,
  "lockfileVersion": 1,
  "dependencies": {
    "cookie-storage": {
      "version": "3.2.0",
      "resolved": "https://registry.npmjs.org/cookie-storage/-/cookie-storage-3.2.0.tgz",
      "integrity": "sha512-E2IlZrqJ00Y+9GLugfqyumcjXBtCkNWvX0opx0RUqaqvB67i6zzngrrFjeWNkJVhw0cO/ixThKLRDgDOak9eCw=="
    }
  }
}
